
Microsoft Visual Studio Solution File, Format Version 12.00
# Visual Studio 15
VisualStudioVersion = 15.0.28307.489
MinimumVisualStudioVersion = 10.0.40219.1
Project("{FAE04EC0-301F-11D3-BF4B-00C04F79EFBC}") = "Addy.Address.Service", "Addy.Address.Service\Addy.Address.Service.csproj", "{D0757466-32AD-4B56-951F-A0A044B717B6}"
EndProject
Project("{FAE04EC0-301F-11D3-BF4B-00C04F79EFBC}") = "Addy.Address.TestConsole", "Addy.Address.TestConsole\Addy.Address.TestConsole.csproj", "{5810F13D-E64C-46FE-BA9B-69D98FBD59BE}"
EndProject
Global
	GlobalSection(SolutionConfigurationPlatforms) = preSolution
		Debug|Any CPU = Debug|Any CPU
		Release|Any CPU = Release|Any CPU
	EndGlobalSection
	GlobalSection(ProjectConfigurationPlatforms) = postSolution
		{D0757466-32AD-4B56-951F-A0A044B717B6}.Debug|Any CPU.ActiveCfg = Debug|Any CPU
		{D0757466-32AD-4B56-951F-A0A044B717B6}.Debug|Any CPU.Build.0 = Debug|Any CPU
		{D0757466-32AD-4B56-951F-A0A044B717B6}.Release|Any CPU.ActiveCfg = Release|Any CPU
		{D0757466-32AD-4B56-951F-A0A044B717B6}.Release|Any CPU.Build.0 = Release|Any CPU
		{5810F13D-E64C-46FE-BA9B-69D98FBD59BE}.Debug|Any CPU.ActiveCfg = Debug|Any CPU
		{5810F13D-E64C-46FE-BA9B-69D98FBD59BE}.Debug|Any CPU.Build.0 = Debug|Any CPU
		{5810F13D-E64C-46FE-BA9B-69D98FBD59BE}.Release|Any CPU.ActiveCfg = Release|Any CPU
		{5810F13D-E64C-46FE-BA9B-69D98FBD59BE}.Release|Any CPU.Build.0 = Release|Any CPU
	EndGlobalSection
	GlobalSection(SolutionProperties) = preSolution
		HideSolutionNode = FALSE
	EndGlobalSection
	GlobalSection(ExtensibilityGlobals) = postSolution
		SolutionGuid = {4A636FA2-CB12-49A8-9FDF-D7E11B28CA99}
	EndGlobalSection
EndGlobal
